
Microsoft Visual Studio Solution File, Format Version 12.00
# Visual Studio Version 17
VisualStudioVersion = 17.5.002.0
MinimumVisualStudioVersion = 10.0.40219.1
Project("{9A19103F-16F7-4668-BE54-9A1E7A4F7556}") = "ai-my-personal-notes-api", "ai-my-personal-notes-api.csproj", "{D28AC1E1-5F25-43D8-A28B-F28C5D565FEB}"
EndProject
Global
	GlobalSection(SolutionConfigurationPlatforms) = preSolution
		Debug|Any CPU = Debug|Any CPU
		Release|Any CPU = Release|Any CPU
	EndGlobalSection
	GlobalSection(ProjectConfigurationPlatforms) = postSolution
		{D28AC1E1-5F25-43D8-A28B-F28C5D565FEB}.Debug|Any CPU.ActiveCfg = Debug|Any CPU
		{D28AC1E1-5F25-43D8-A28B-F28C5D565FEB}.Debug|Any CPU.Build.0 = Debug|Any CPU
		{D28AC1E1-5F25-43D8-A28B-F28C5D565FEB}.Release|Any CPU.ActiveCfg = Release|Any CPU
		{D28AC1E1-5F25-43D8-A28B-F28C5D565FEB}.Release|Any CPU.Build.0 = Release|Any CPU
	EndGlobalSection
	GlobalSection(SolutionProperties) = preSolution
		HideSolutionNode = FALSE
	EndGlobalSection
	GlobalSection(ExtensibilityGlobals) = postSolution
		SolutionGuid = {928F4347-9100-4B67-873E-2FBD40CB2884}
	EndGlobalSection
EndGlobal
