
Microsoft Visual Studio Solution File, Format Version 12.00
# Visual Studio Version 17
VisualStudioVersion = 17.7.34221.43
MinimumVisualStudioVersion = 10.0.40219.1
Project("{9A19103F-16F7-4668-BE54-9A1E7A4F7556}") = "ai-my-personal-notes-apis", "ai-my-personal-notes-apis.csproj", "{665C892B-CF9E-45F1-9F45-DEAFF90B6B6D}"
EndProject
Project("{9A19103F-16F7-4668-BE54-9A1E7A4F7556}") = "ai-my-personal-notes-apis.Tests", "..\ai-my-personal-notes-apis.Tests\ai-my-personal-notes-apis.Tests.csproj", "{AE0B8AB1-1920-4C56-AE5A-6C9198255575}"
EndProject
Global
	GlobalSection(SolutionConfigurationPlatforms) = preSolution
		Debug|Any CPU = Debug|Any CPU
		Release|Any CPU = Release|Any CPU
	EndGlobalSection
	GlobalSection(ProjectConfigurationPlatforms) = postSolution
		{665C892B-CF9E-45F1-9F45-DEAFF90B6B6D}.Debug|Any CPU.ActiveCfg = Debug|Any CPU
		{665C892B-CF9E-45F1-9F45-DEAFF90B6B6D}.Debug|Any CPU.Build.0 = Debug|Any CPU
		{665C892B-CF9E-45F1-9F45-DEAFF90B6B6D}.Release|Any CPU.ActiveCfg = Release|Any CPU
		{665C892B-CF9E-45F1-9F45-DEAFF90B6B6D}.Release|Any CPU.Build.0 = Release|Any CPU
		{AE0B8AB1-1920-4C56-AE5A-6C9198255575}.Debug|Any CPU.ActiveCfg = Debug|Any CPU
		{AE0B8AB1-1920-4C56-AE5A-6C9198255575}.Debug|Any CPU.Build.0 = Debug|Any CPU
		{AE0B8AB1-1920-4C56-AE5A-6C9198255575}.Release|Any CPU.ActiveCfg = Release|Any CPU
		{AE0B8AB1-1920-4C56-AE5A-6C9198255575}.Release|Any CPU.Build.0 = Release|Any CPU
	EndGlobalSection
	GlobalSection(SolutionProperties) = preSolution
		HideSolutionNode = FALSE
	EndGlobalSection
	GlobalSection(ExtensibilityGlobals) = postSolution
		SolutionGuid = {062A94CD-CC24-4691-80AF-19BEC9428D08}
	EndGlobalSection
EndGlobal
